// !$*UTF8*$!
{
	archiveVersion = 1;
	classes = {
	};
	objectVersion = 56;
	objects = {

/* Begin PBXBuildFile section */
		FE10081829C77B0F00CBD5B6 /* FallDetectionApp.swift in Sources */ = {isa = PBXBuildFile; fileRef = FE10081729C77B0F00CBD5B6 /* FallDetectionApp.swift */; };
		FE10081A29C77B0F00CBD5B6 /* ContentView.swift in Sources */ = {isa = PBXBuildFile; fileRef = FE10081929C77B0F00CBD5B6 /* ContentView.swift */; };
		FE10081C29C77B1000CBD5B6 /* Assets.xcassets in Resources */ = {isa = PBXBuildFile; fileRef = FE10081B29C77B1000CBD5B6 /* Assets.xcassets */; };
		FE10081F29C77B1000CBD5B6 /* Preview Assets.xcassets in Resources */ = {isa = PBXBuildFile; fileRef = FE10081E29C77B1000CBD5B6 /* Preview Assets.xcassets */; };
		FE10082529C77B1000CBD5B6 /* FallDetection Watch App.app in Embed Watch Content */ = {isa = PBXBuildFile; fileRef = FE10082429C77B1000CBD5B6 /* FallDetection Watch App.app */; settings = {ATTRIBUTES = (RemoveHeadersOnCopy, ); }; };
		FE10082A29C77B1000CBD5B6 /* FallDetectionApp.swift in Sources */ = {isa = PBXBuildFile; fileRef = FE10082929C77B1000CBD5B6 /* FallDetectionApp.swift */; };
		FE10082C29C77B1000CBD5B6 /* ContentView.swift in Sources */ = {isa = PBXBuildFile; fileRef = FE10082B29C77B1000CBD5B6 /* ContentView.swift */; };
		FE10082E29C77B1100CBD5B6 /* Assets.xcassets in Resources */ = {isa = PBXBuildFile; fileRef = FE10082D29C77B1100CBD5B6 /* Assets.xcassets */; };
		FE10083129C77B1100CBD5B6 /* Preview Assets.xcassets in Resources */ = {isa = PBXBuildFile; fileRef = FE10083029C77B1100CBD5B6 /* Preview Assets.xcassets */; };
		FE10083D29C77DF200CBD5B6 /* HiddenMarkovModel.swift in Sources */ = {isa = PBXBuildFile; fileRef = FE10083C29C77DF200CBD5B6 /* HiddenMarkovModel.swift */; };
		FE10084029C77E1400CBD5B6 /* StreamReader.swift in Sources */ = {isa = PBXBuildFile; fileRef = FE10083F29C77E1300CBD5B6 /* StreamReader.swift */; };
		FE10084329C77E4300CBD5B6 /* WorkoutManager.swift in Sources */ = {isa = PBXBuildFile; fileRef = FE10084229C77E4300CBD5B6 /* WorkoutManager.swift */; };
		FE10084529C77FA200CBD5B6 /* MotionManager.swift in Sources */ = {isa = PBXBuildFile; fileRef = FE10084429C77FA200CBD5B6 /* MotionManager.swift */; };
		FE49670329D0650F000379AA /* XYZData.swift in Sources */ = {isa = PBXBuildFile; fileRef = FE49670229D0650F000379AA /* XYZData.swift */; };
		FE49670429D0650F000379AA /* XYZData.swift in Sources */ = {isa = PBXBuildFile; fileRef = FE49670229D0650F000379AA /* XYZData.swift */; };
		FE5848B529D05E1B00281DAF /* WatchConnectivityVM.swift in Sources */ = {isa = PBXBuildFile; fileRef = FE5848B429D05E1B00281DAF /* WatchConnectivityVM.swift */; };
		FE5848B829D05FB900281DAF /* AppConnectivityVM.swift in Sources */ = {isa = PBXBuildFile; fileRef = FE5848B729D05FB900281DAF /* AppConnectivityVM.swift */; };
/* End PBXBuildFile section */

/* Begin PBXContainerItemProxy section */
		FE10082629C77B1000CBD5B6 /* PBXContainerItemProxy */ = {
			isa = PBXContainerItemProxy;
			containerPortal = FE10080C29C77B0E00CBD5B6 /* Project object */;
			proxyType = 1;
			remoteGlobalIDString = FE10082329C77B1000CBD5B6;
			remoteInfo = "FallDetection Watch App";
		};
/* End PBXContainerItemProxy section */

/* Begin PBXCopyFilesBuildPhase section */
		FE10083729C77B1100CBD5B6 /* Embed Watch Content */ = {
			isa = PBXCopyFilesBuildPhase;
			buildActionMask = 2147483647;
			dstPath = "$(CONTENTS_FOLDER_PATH)/Watch";
			dstSubfolderSpec = 16;
			files = (
				FE10082529C77B1000CBD5B6 /* FallDetection Watch App.app in Embed Watch Content */,
			);
			name = "Embed Watch Content";
			runOnlyForDeploymentPostprocessing = 0;
		};
		FE5848A029D05B1C00281DAF /* Embed Foundation Extensions */ = {
			isa = PBXCopyFilesBuildPhase;
			buildActionMask = 2147483647;
			dstPath = "";
			dstSubfolderSpec = 13;
			files = (
			);
			name = "Embed Foundation Extensions";
			runOnlyForDeploymentPostprocessing = 0;
		};
		FE5848B229D05C6E00281DAF /* Embed ExtensionKit Extensions */ = {
			isa = PBXCopyFilesBuildPhase;
			buildActionMask = 2147483647;
			dstPath = "$(EXTENSIONS_FOLDER_PATH)";
			dstSubfolderSpec = 16;
			files = (
			);
			name = "Embed ExtensionKit Extensions";
			runOnlyForDeploymentPostprocessing = 0;
		};
/* End PBXCopyFilesBuildPhase section */

/* Begin PBXFileReference section */
		FE10081429C77B0F00CBD5B6 /* FallDetection.app */ = {isa = PBXFileReference; explicitFileType = wrapper.application; includeInIndex = 0; path = FallDetection.app; sourceTree = BUILT_PRODUCTS_DIR; };
		FE10081729C77B0F00CBD5B6 /* FallDetectionApp.swift */ = {isa = PBXFileReference; lastKnownFileType = sourcecode.swift; path = FallDetectionApp.swift; sourceTree = "<group>"; };
		FE10081929C77B0F00CBD5B6 /* ContentView.swift */ = {isa = PBXFileReference; lastKnownFileType = sourcecode.swift; path = ContentView.swift; sourceTree = "<group>"; };
		FE10081B29C77B1000CBD5B6 /* Assets.xcassets */ = {isa = PBXFileReference; lastKnownFileType = folder.assetcatalog; path = Assets.xcassets; sourceTree = "<group>"; };
		FE10081E29C77B1000CBD5B6 /* Preview Assets.xcassets */ = {isa = PBXFileReference; lastKnownFileType = folder.assetcatalog; path = "Preview Assets.xcassets"; sourceTree = "<group>"; };
		FE10082429C77B1000CBD5B6 /* FallDetection Watch App.app */ = {isa = PBXFileReference; explicitFileType = wrapper.application; includeInIndex = 0; path = "FallDetection Watch App.app"; sourceTree = BUILT_PRODUCTS_DIR; };
		FE10082929C77B1000CBD5B6 /* FallDetectionApp.swift */ = {isa = PBXFileReference; lastKnownFileType = sourcecode.swift; path = FallDetectionApp.swift; sourceTree = "<group>"; };
		FE10082B29C77B1000CBD5B6 /* ContentView.swift */ = {isa = PBXFileReference; lastKnownFileType = sourcecode.swift; path = ContentView.swift; sourceTree = "<group>"; };
		FE10082D29C77B1100CBD5B6 /* Assets.xcassets */ = {isa = PBXFileReference; lastKnownFileType = folder.assetcatalog; path = Assets.xcassets; sourceTree = "<group>"; };
		FE10083029C77B1100CBD5B6 /* Preview Assets.xcassets */ = {isa = PBXFileReference; lastKnownFileType = folder.assetcatalog; path = "Preview Assets.xcassets"; sourceTree = "<group>"; };
		FE10083B29C77C9F00CBD5B6 /* FallDetection-Watch-App-Info.plist */ = {isa = PBXFileReference; lastKnownFileType = text.plist; path = "FallDetection-Watch-App-Info.plist"; sourceTree = SOURCE_ROOT; };
		FE10083C29C77DF200CBD5B6 /* HiddenMarkovModel.swift */ = {isa = PBXFileReference; lastKnownFileType = sourcecode.swift; path = HiddenMarkovModel.swift; sourceTree = "<group>"; };
		FE10083F29C77E1300CBD5B6 /* StreamReader.swift */ = {isa = PBXFileReference; lastKnownFileType = sourcecode.swift; path = StreamReader.swift; sourceTree = "<group>"; };
		FE10084229C77E4300CBD5B6 /* WorkoutManager.swift */ = {isa = PBXFileReference; lastKnownFileType = sourcecode.swift; path = WorkoutManager.swift; sourceTree = "<group>"; };
		FE10084429C77FA200CBD5B6 /* MotionManager.swift */ = {isa = PBXFileReference; lastKnownFileType = sourcecode.swift; path = MotionManager.swift; sourceTree = "<group>"; };
		FE49670129D06374000379AA /* FallDetection Watch App.entitlements */ = {isa = PBXFileReference; lastKnownFileType = text.plist.entitlements; path = "FallDetection Watch App.entitlements"; sourceTree = "<group>"; };
		FE49670229D0650F000379AA /* XYZData.swift */ = {isa = PBXFileReference; lastKnownFileType = sourcecode.swift; path = XYZData.swift; sourceTree = "<group>"; };
		FE58488D29D05B1B00281DAF /* WidgetKit.framework */ = {isa = PBXFileReference; lastKnownFileType = wrapper.framework; name = WidgetKit.framework; path = System/Library/Frameworks/WidgetKit.framework; sourceTree = SDKROOT; };
		FE58488F29D05B1B00281DAF /* SwiftUI.framework */ = {isa = PBXFileReference; lastKnownFileType = wrapper.framework; name = SwiftUI.framework; path = System/Library/Frameworks/SwiftUI.framework; sourceTree = SDKROOT; };
		FE5848B429D05E1B00281DAF /* WatchConnectivityVM.swift */ = {isa = PBXFileReference; lastKnownFileType = sourcecode.swift; path = WatchConnectivityVM.swift; sourceTree = "<group>"; };
		FE5848B729D05FB900281DAF /* AppConnectivityVM.swift */ = {isa = PBXFileReference; lastKnownFileType = sourcecode.swift; path = AppConnectivityVM.swift; sourceTree = "<group>"; };
/* End PBXFileReference section */

/* Begin PBXFrameworksBuildPhase section */
		FE10081129C77B0F00CBD5B6 /* Frameworks */ = {
			isa = PBXFrameworksBuildPhase;
			buildActionMask = 2147483647;
			files = (
			);
			runOnlyForDeploymentPostprocessing = 0;
		};
		FE10082129C77B1000CBD5B6 /* Frameworks */ = {
			isa = PBXFrameworksBuildPhase;
			buildActionMask = 2147483647;
			files = (
			);
			runOnlyForDeploymentPostprocessing = 0;
		};
/* End PBXFrameworksBuildPhase section */

/* Begin PBXGroup section */
		FE10080B29C77B0E00CBD5B6 = {
			isa = PBXGroup;
			children = (
				FE58488629D05A1B00281DAF /* Shared */,
				FE10081629C77B0F00CBD5B6 /* FallDetection */,
				FE10082829C77B1000CBD5B6 /* FallDetection Watch App */,
				FE58488C29D05B1B00281DAF /* Frameworks */,
				FE10081529C77B0F00CBD5B6 /* Products */,
			);
			sourceTree = "<group>";
		};
		FE10081529C77B0F00CBD5B6 /* Products */ = {
			isa = PBXGroup;
			children = (
				FE10081429C77B0F00CBD5B6 /* FallDetection.app */,
				FE10082429C77B1000CBD5B6 /* FallDetection Watch App.app */,
			);
			name = Products;
			sourceTree = "<group>";
		};
		FE10081629C77B0F00CBD5B6 /* FallDetection */ = {
			isa = PBXGroup;
			children = (
				FE5848B629D05FAD00281DAF /* ViewModel */,
				FE10081729C77B0F00CBD5B6 /* FallDetectionApp.swift */,
				FE10081929C77B0F00CBD5B6 /* ContentView.swift */,
				FE10081B29C77B1000CBD5B6 /* Assets.xcassets */,
				FE10081D29C77B1000CBD5B6 /* Preview Content */,
			);
			path = FallDetection;
			sourceTree = "<group>";
		};
		FE10081D29C77B1000CBD5B6 /* Preview Content */ = {
			isa = PBXGroup;
			children = (
				FE10081E29C77B1000CBD5B6 /* Preview Assets.xcassets */,
			);
			path = "Preview Content";
			sourceTree = "<group>";
		};
		FE10082829C77B1000CBD5B6 /* FallDetection Watch App */ = {
			isa = PBXGroup;
			children = (
				FE49670129D06374000379AA /* FallDetection Watch App.entitlements */,
				FE5848B329D05E0A00281DAF /* ViewModel */,
				FE10083B29C77C9F00CBD5B6 /* FallDetection-Watch-App-Info.plist */,
				FE10082929C77B1000CBD5B6 /* FallDetectionApp.swift */,
				FE10082B29C77B1000CBD5B6 /* ContentView.swift */,
				FE10084129C77E3400CBD5B6 /* Workout */,
				FE10083E29C77E0C00CBD5B6 /* Helper */,
				FE10083C29C77DF200CBD5B6 /* HiddenMarkovModel.swift */,
				FE10082D29C77B1100CBD5B6 /* Assets.xcassets */,
				FE10082F29C77B1100CBD5B6 /* Preview Content */,
			);
			path = "FallDetection Watch App";
			sourceTree = "<group>";
		};
		FE10082F29C77B1100CBD5B6 /* Preview Content */ = {
			isa = PBXGroup;
			children = (
				FE10083029C77B1100CBD5B6 /* Preview Assets.xcassets */,
			);
			path = "Preview Content";
			sourceTree = "<group>";
		};
		FE10083E29C77E0C00CBD5B6 /* Helper */ = {
			isa = PBXGroup;
			children = (
				FE10083F29C77E1300CBD5B6 /* StreamReader.swift */,
			);
			path = Helper;
			sourceTree = "<group>";
		};
		FE10084129C77E3400CBD5B6 /* Workout */ = {
			isa = PBXGroup;
			children = (
				FE10084229C77E4300CBD5B6 /* WorkoutManager.swift */,
				FE10084429C77FA200CBD5B6 /* MotionManager.swift */,
			);
			path = Workout;
			sourceTree = "<group>";
		};
		FE58488629D05A1B00281DAF /* Shared */ = {
			isa = PBXGroup;
			children = (
				FE49670229D0650F000379AA /* XYZData.swift */,
			);
			path = Shared;
			sourceTree = "<group>";
		};
		FE58488C29D05B1B00281DAF /* Frameworks */ = {
			isa = PBXGroup;
			children = (
				FE58488D29D05B1B00281DAF /* WidgetKit.framework */,
				FE58488F29D05B1B00281DAF /* SwiftUI.framework */,
			);
			name = Frameworks;
			sourceTree = "<group>";
		};
		FE5848B329D05E0A00281DAF /* ViewModel */ = {
			isa = PBXGroup;
			children = (
				FE5848B429D05E1B00281DAF /* WatchConnectivityVM.swift */,
			);
			path = ViewModel;
			sourceTree = "<group>";
		};
		FE5848B629D05FAD00281DAF /* ViewModel */ = {
			isa = PBXGroup;
			children = (
				FE5848B729D05FB900281DAF /* AppConnectivityVM.swift */,
			);
			path = ViewModel;
			sourceTree = "<group>";
		};
/* End PBXGroup section */

/* Begin PBXNativeTarget section */
		FE10081329C77B0F00CBD5B6 /* FallDetection */ = {
			isa = PBXNativeTarget;
			buildConfigurationList = FE10083829C77B1100CBD5B6 /* Build configuration list for PBXNativeTarget "FallDetection" */;
			buildPhases = (
				FE10081029C77B0F00CBD5B6 /* Sources */,
				FE10081129C77B0F00CBD5B6 /* Frameworks */,
				FE10081229C77B0F00CBD5B6 /* Resources */,
				FE10083729C77B1100CBD5B6 /* Embed Watch Content */,
			);
			buildRules = (
			);
			dependencies = (
				FE10082729C77B1000CBD5B6 /* PBXTargetDependency */,
			);
			name = FallDetection;
			productName = FallDetection;
			productReference = FE10081429C77B0F00CBD5B6 /* FallDetection.app */;
			productType = "com.apple.product-type.application";
		};
		FE10082329C77B1000CBD5B6 /* FallDetection Watch App */ = {
			isa = PBXNativeTarget;
			buildConfigurationList = FE10083429C77B1100CBD5B6 /* Build configuration list for PBXNativeTarget "FallDetection Watch App" */;
			buildPhases = (
				FE10082029C77B1000CBD5B6 /* Sources */,
				FE10082129C77B1000CBD5B6 /* Frameworks */,
				FE10082229C77B1000CBD5B6 /* Resources */,
				FE5848A029D05B1C00281DAF /* Embed Foundation Extensions */,
				FE5848B229D05C6E00281DAF /* Embed ExtensionKit Extensions */,
			);
			buildRules = (
			);
			dependencies = (
			);
			name = "FallDetection Watch App";
			productName = "FallDetection Watch App";
			productReference = FE10082429C77B1000CBD5B6 /* FallDetection Watch App.app */;
			productType = "com.apple.product-type.application";
		};
/* End PBXNativeTarget section */

/* Begin PBXProject section */
		FE10080C29C77B0E00CBD5B6 /* Project object */ = {
			isa = PBXProject;
			attributes = {
				BuildIndependentTargetsInParallel = 1;
				LastSwiftUpdateCheck = 1400;
				LastUpgradeCheck = 1400;
				TargetAttributes = {
					FE10081329C77B0F00CBD5B6 = {
						CreatedOnToolsVersion = 14.0;
					};
					FE10082329C77B1000CBD5B6 = {
						CreatedOnToolsVersion = 14.0;
					};
				};
			};
			buildConfigurationList = FE10080F29C77B0E00CBD5B6 /* Build configuration list for PBXProject "FallDetection" */;
			compatibilityVersion = "Xcode 14.0";
			developmentRegion = en;
			hasScannedForEncodings = 0;
			knownRegions = (
				en,
				Base,
			);
			mainGroup = FE10080B29C77B0E00CBD5B6;
			productRefGroup = FE10081529C77B0F00CBD5B6 /* Products */;
			projectDirPath = "";
			projectRoot = "";
			targets = (
				FE10081329C77B0F00CBD5B6 /* FallDetection */,
				FE10082329C77B1000CBD5B6 /* FallDetection Watch App */,
			);
		};
/* End PBXProject section */

/* Begin PBXResourcesBuildPhase section */
		FE10081229C77B0F00CBD5B6 /* Resources */ = {
			isa = PBXResourcesBuildPhase;
			buildActionMask = 2147483647;
			files = (
				FE10081F29C77B1000CBD5B6 /* Preview Assets.xcassets in Resources */,
				FE10081C29C77B1000CBD5B6 /* Assets.xcassets in Resources */,
			);
			runOnlyForDeploymentPostprocessing = 0;
		};
		FE10082229C77B1000CBD5B6 /* Resources */ = {
			isa = PBXResourcesBuildPhase;
			buildActionMask = 2147483647;
			files = (
				FE10083129C77B1100CBD5B6 /* Preview Assets.xcassets in Resources */,
				FE10082E29C77B1100CBD5B6 /* Assets.xcassets in Resources */,
			);
			runOnlyForDeploymentPostprocessing = 0;
		};
/* End PBXResourcesBuildPhase section */

/* Begin PBXSourcesBuildPhase section */
		FE10081029C77B0F00CBD5B6 /* Sources */ = {
			isa = PBXSourcesBuildPhase;
			buildActionMask = 2147483647;
			files = (
				FE10081A29C77B0F00CBD5B6 /* ContentView.swift in Sources */,
				FE49670329D0650F000379AA /* XYZData.swift in Sources */,
				FE5848B829D05FB900281DAF /* AppConnectivityVM.swift in Sources */,
				FE10081829C77B0F00CBD5B6 /* FallDetectionApp.swift in Sources */,
			);
			runOnlyForDeploymentPostprocessing = 0;
		};
		FE10082029C77B1000CBD5B6 /* Sources */ = {
			isa = PBXSourcesBuildPhase;
			buildActionMask = 2147483647;
			files = (
				FE10084029C77E1400CBD5B6 /* StreamReader.swift in Sources */,
				FE10084529C77FA200CBD5B6 /* MotionManager.swift in Sources */,
				FE10082C29C77B1000CBD5B6 /* ContentView.swift in Sources */,
				FE10084329C77E4300CBD5B6 /* WorkoutManager.swift in Sources */,
				FE10082A29C77B1000CBD5B6 /* FallDetectionApp.swift in Sources */,
				FE49670429D0650F000379AA /* XYZData.swift in Sources */,
				FE5848B529D05E1B00281DAF /* WatchConnectivityVM.swift in Sources */,
				FE10083D29C77DF200CBD5B6 /* HiddenMarkovModel.swift in Sources */,
			);
			runOnlyForDeploymentPostprocessing = 0;
		};
/* End PBXSourcesBuildPhase section */

/* Begin PBXTargetDependency section */
		FE10082729C77B1000CBD5B6 /* PBXTargetDependency */ = {
			isa = PBXTargetDependency;
			target = FE10082329C77B1000CBD5B6 /* FallDetection Watch App */;
			targetProxy = FE10082629C77B1000CBD5B6 /* PBXContainerItemProxy */;
		};
/* End PBXTargetDependency section */

/* Begin XCBuildConfiguration section */
		FE10083229C77B1100CBD5B6 /* Debug */ = {
			isa = XCBuildConfiguration;
			buildSettings = {
				ALWAYS_SEARCH_USER_PATHS = NO;
				CLANG_ANALYZER_NONNULL = YES;
				CLANG_ANALYZER_NUMBER_OBJECT_CONVERSION = YES_AGGRESSIVE;
				CLANG_CXX_LANGUAGE_STANDARD = "gnu++20";
				CLANG_ENABLE_MODULES = YES;
				CLANG_ENABLE_OBJC_ARC = YES;
				CLANG_ENABLE_OBJC_WEAK = YES;
				CLANG_WARN_BLOCK_CAPTURE_AUTORELEASING = YES;
				CLANG_WARN_BOOL_CONVERSION = YES;
				CLANG_WARN_COMMA = YES;
				CLANG_WARN_CONSTANT_CONVERSION = YES;
				CLANG_WARN_DEPRECATED_OBJC_IMPLEMENTATIONS = YES;
				CLANG_WARN_DIRECT_OBJC_ISA_USAGE = YES_ERROR;
				CLANG_WARN_DOCUMENTATION_COMMENTS = YES;
				CLANG_WARN_EMPTY_BODY = YES;
				CLANG_WARN_ENUM_CONVERSION = YES;
				CLANG_WARN_INFINITE_RECURSION = YES;
				CLANG_WARN_INT_CONVERSION = YES;
				CLANG_WARN_NON_LITERAL_NULL_CONVERSION = YES;
				CLANG_WARN_OBJC_IMPLICIT_RETAIN_SELF = YES;
				CLANG_WARN_OBJC_LITERAL_CONVERSION = YES;
				CLANG_WARN_OBJC_ROOT_CLASS = YES_ERROR;
				CLANG_WARN_QUOTED_INCLUDE_IN_FRAMEWORK_HEADER = YES;
				CLANG_WARN_RANGE_LOOP_ANALYSIS = YES;
				CLANG_WARN_STRICT_PROTOTYPES = YES;
				CLANG_WARN_SUSPICIOUS_MOVE = YES;
				CLANG_WARN_UNGUARDED_AVAILABILITY = YES_AGGRESSIVE;
				CLANG_WARN_UNREACHABLE_CODE = YES;
				CLANG_WARN__DUPLICATE_METHOD_MATCH = YES;
				COPY_PHASE_STRIP = NO;
				DEBUG_INFORMATION_FORMAT = dwarf;
				ENABLE_STRICT_OBJC_MSGSEND = YES;
				ENABLE_TESTABILITY = YES;
				GCC_C_LANGUAGE_STANDARD = gnu11;
				GCC_DYNAMIC_NO_PIC = NO;
				GCC_NO_COMMON_BLOCKS = YES;
				GCC_OPTIMIZATION_LEVEL = 0;
				GCC_PREPROCESSOR_DEFINITIONS = (
					"DEBUG=1",
					"$(inherited)",
				);
				GCC_WARN_64_TO_32_BIT_CONVERSION = YES;
				GCC_WARN_ABOUT_RETURN_TYPE = YES_ERROR;
				GCC_WARN_UNDECLARED_SELECTOR = YES;
				GCC_WARN_UNINITIALIZED_AUTOS = YES_AGGRESSIVE;
				GCC_WARN_UNUSED_FUNCTION = YES;
				GCC_WARN_UNUSED_VARIABLE = YES;
				MTL_ENABLE_DEBUG_INFO = INCLUDE_SOURCE;
				MTL_FAST_MATH = YES;
				ONLY_ACTIVE_ARCH = YES;
				SWIFT_ACTIVE_COMPILATION_CONDITIONS = DEBUG;
				SWIFT_OPTIMIZATION_LEVEL = "-Onone";
			};
			name = Debug;
		};
		FE10083329C77B1100CBD5B6 /* Release */ = {
			isa = XCBuildConfiguration;
			buildSettings = {
				ALWAYS_SEARCH_USER_PATHS = NO;
				CLANG_ANALYZER_NONNULL = YES;
				CLANG_ANALYZER_NUMBER_OBJECT_CONVERSION = YES_AGGRESSIVE;
				CLANG_CXX_LANGUAGE_STANDARD = "gnu++20";
				CLANG_ENABLE_MODULES = YES;
				CLANG_ENABLE_OBJC_ARC = YES;
				CLANG_ENABLE_OBJC_WEAK = YES;
				CLANG_WARN_BLOCK_CAPTURE_AUTORELEASING = YES;
				CLANG_WARN_BOOL_CONVERSION = YES;
				CLANG_WARN_COMMA = YES;
				CLANG_WARN_CONSTANT_CONVERSION = YES;
				CLANG_WARN_DEPRECATED_OBJC_IMPLEMENTATIONS = YES;
				CLANG_WARN_DIRECT_OBJC_ISA_USAGE = YES_ERROR;
				CLANG_WARN_DOCUMENTATION_COMMENTS = YES;
				CLANG_WARN_EMPTY_BODY = YES;
				CLANG_WARN_ENUM_CONVERSION = YES;
				CLANG_WARN_INFINITE_RECURSION = YES;
				CLANG_WARN_INT_CONVERSION = YES;
				CLANG_WARN_NON_LITERAL_NULL_CONVERSION = YES;
				CLANG_WARN_OBJC_IMPLICIT_RETAIN_SELF = YES;
				CLANG_WARN_OBJC_LITERAL_CONVERSION = YES;
				CLANG_WARN_OBJC_ROOT_CLASS = YES_ERROR;
				CLANG_WARN_QUOTED_INCLUDE_IN_FRAMEWORK_HEADER = YES;
				CLANG_WARN_RANGE_LOOP_ANALYSIS = YES;
				CLANG_WARN_STRICT_PROTOTYPES = YES;
				CLANG_WARN_SUSPICIOUS_MOVE = YES;
				CLANG_WARN_UNGUARDED_AVAILABILITY = YES_AGGRESSIVE;
				CLANG_WARN_UNREACHABLE_CODE = YES;
				CLANG_WARN__DUPLICATE_METHOD_MATCH = YES;
				COPY_PHASE_STRIP = NO;
				DEBUG_INFORMATION_FORMAT = "dwarf-with-dsym";
				ENABLE_NS_ASSERTIONS = NO;
				ENABLE_STRICT_OBJC_MSGSEND = YES;
				GCC_C_LANGUAGE_STANDARD = gnu11;
				GCC_NO_COMMON_BLOCKS = YES;
				GCC_WARN_64_TO_32_BIT_CONVERSION = YES;
				GCC_WARN_ABOUT_RETURN_TYPE = YES_ERROR;
				GCC_WARN_UNDECLARED_SELECTOR = YES;
				GCC_WARN_UNINITIALIZED_AUTOS = YES_AGGRESSIVE;
				GCC_WARN_UNUSED_FUNCTION = YES;
				GCC_WARN_UNUSED_VARIABLE = YES;
				MTL_ENABLE_DEBUG_INFO = NO;
				MTL_FAST_MATH = YES;
				SWIFT_COMPILATION_MODE = wholemodule;
				SWIFT_OPTIMIZATION_LEVEL = "-O";
			};
			name = Release;
		};
		FE10083529C77B1100CBD5B6 /* Debug */ = {
			isa = XCBuildConfiguration;
			buildSettings = {
				ASSETCATALOG_COMPILER_APPICON_NAME = AppIcon;
				ASSETCATALOG_COMPILER_GLOBAL_ACCENT_COLOR_NAME = AccentColor;
				CODE_SIGN_ENTITLEMENTS = "FallDetection Watch App/FallDetection Watch App.entitlements";
				CODE_SIGN_STYLE = Automatic;
				CURRENT_PROJECT_VERSION = 1;
				DEVELOPMENT_ASSET_PATHS = "\"FallDetection Watch App/Preview Content\"";
				DEVELOPMENT_TEAM = L3P8YP4XRH;
				ENABLE_PREVIEWS = YES;
				GENERATE_INFOPLIST_FILE = YES;
				INFOPLIST_FILE = "FallDetection-Watch-App-Info.plist";
				INFOPLIST_KEY_CFBundleDisplayName = FallDetection;
				INFOPLIST_KEY_UISupportedInterfaceOrientations = "UIInterfaceOrientationPortrait UIInterfaceOrientationPortraitUpsideDown";
				INFOPLIST_KEY_WKCompanionAppBundleIdentifier = com.yongfrank.FallDetection;
				LD_RUNPATH_SEARCH_PATHS = (
					"$(inherited)",
					"@executable_path/Frameworks",
				);
				MARKETING_VERSION = 1.0;
				PRODUCT_BUNDLE_IDENTIFIER = com.yongfrank.FallDetection.watchkitapp;
				PRODUCT_NAME = "$(TARGET_NAME)";
				SDKROOT = watchos;
				SKIP_INSTALL = YES;
				SWIFT_EMIT_LOC_STRINGS = YES;
				SWIFT_VERSION = 5.0;
				TARGETED_DEVICE_FAMILY = 4;
				WATCHOS_DEPLOYMENT_TARGET = 9.0;
			};
			name = Debug;
		};
		FE10083629C77B1100CBD5B6 /* Release */ = {
			isa = XCBuildConfiguration;
			buildSettings = {
				ASSETCATALOG_COMPILER_APPICON_NAME = AppIcon;
				ASSETCATALOG_COMPILER_GLOBAL_ACCENT_COLOR_NAME = AccentColor;
				CODE_SIGN_ENTITLEMENTS = "FallDetection Watch App/FallDetection Watch App.entitlements";
				CODE_SIGN_STYLE = Automatic;
				CURRENT_PROJECT_VERSION = 1;
				DEVELOPMENT_ASSET_PATHS = "\"FallDetection Watch App/Preview Content\"";
				DEVELOPMENT_TEAM = L3P8YP4XRH;
				ENABLE_PREVIEWS = YES;
				GENERATE_INFOPLIST_FILE = YES;
				INFOPLIST_FILE = "FallDetection-Watch-App-Info.plist";
				INFOPLIST_KEY_CFBundleDisplayName = FallDetection;
				INFOPLIST_KEY_UISupportedInterfaceOrientations = "UIInterfaceOrientationPortrait UIInterfaceOrientationPortraitUpsideDown";
				INFOPLIST_KEY_WKCompanionAppBundleIdentifier = com.yongfrank.FallDetection;
				LD_RUNPATH_SEARCH_PATHS = (
					"$(inherited)",
					"@executable_path/Frameworks",
				);
				MARKETING_VERSION = 1.0;
				PRODUCT_BUNDLE_IDENTIFIER = com.yongfrank.FallDetection.watchkitapp;
				PRODUCT_NAME = "$(TARGET_NAME)";
				SDKROOT = watchos;
				SKIP_INSTALL = YES;
				SWIFT_EMIT_LOC_STRINGS = YES;
				SWIFT_VERSION = 5.0;
				TARGETED_DEVICE_FAMILY = 4;
				VALIDATE_PRODUCT = YES;
				WATCHOS_DEPLOYMENT_TARGET = 9.0;
			};
			name = Release;
		};
		FE10083929C77B1100CBD5B6 /* Debug */ = {
			isa = XCBuildConfiguration;
			buildSettings = {
				ALWAYS_EMBED_SWIFT_STANDARD_LIBRARIES = YES;
				ASSETCATALOG_COMPILER_APPICON_NAME = AppIcon;
				ASSETCATALOG_COMPILER_GLOBAL_ACCENT_COLOR_NAME = AccentColor;
				CODE_SIGN_STYLE = Automatic;
				CURRENT_PROJECT_VERSION = 1;
				DEVELOPMENT_ASSET_PATHS = "\"FallDetection/Preview Content\"";
				DEVELOPMENT_TEAM = L3P8YP4XRH;
				ENABLE_PREVIEWS = YES;
				GENERATE_INFOPLIST_FILE = YES;
				INFOPLIST_KEY_CFBundleDisplayName = FallDetection;
				INFOPLIST_KEY_UIApplicationSceneManifest_Generation = YES;
				INFOPLIST_KEY_UIApplicationSupportsIndirectInputEvents = YES;
				INFOPLIST_KEY_UILaunchScreen_Generation = YES;
				INFOPLIST_KEY_UISupportedInterfaceOrientations_iPad = "UIInterfaceOrientationPortrait UIInterfaceOrientationPortraitUpsideDown UIInterfaceOrientationLandscapeLeft UIInterfaceOrientationLandscapeRight";
				INFOPLIST_KEY_UISupportedInterfaceOrientations_iPhone = "UIInterfaceOrientationPortrait UIInterfaceOrientationLandscapeLeft UIInterfaceOrientationLandscapeRight";
				IPHONEOS_DEPLOYMENT_TARGET = 16.0;
				LD_RUNPATH_SEARCH_PATHS = (
					"$(inherited)",
					"@executable_path/Frameworks",
				);
				MARKETING_VERSION = 1.0;
				PRODUCT_BUNDLE_IDENTIFIER = com.yongfrank.FallDetection;
				PRODUCT_NAME = "$(TARGET_NAME)";
				SDKROOT = iphoneos;
				SWIFT_EMIT_LOC_STRINGS = YES;
				SWIFT_VERSION = 5.0;
				TARGETED_DEVICE_FAMILY = "1,2";
			};
			name = Debug;
		};
		FE10083A29C77B1100CBD5B6 /* Release */ = {
			isa = XCBuildConfiguration;
			buildSettings = {
				ALWAYS_EMBED_SWIFT_STANDARD_LIBRARIES = YES;
				ASSETCATALOG_COMPILER_APPICON_NAME = AppIcon;
				ASSETCATALOG_COMPILER_GLOBAL_ACCENT_COLOR_NAME = AccentColor;
				CODE_SIGN_STYLE = Automatic;
				CURRENT_PROJECT_VERSION = 1;
				DEVELOPMENT_ASSET_PATHS = "\"FallDetection/Preview Content\"";
				DEVELOPMENT_TEAM = L3P8YP4XRH;
				ENABLE_PREVIEWS = YES;
				GENERATE_INFOPLIST_FILE = YES;
				INFOPLIST_KEY_CFBundleDisplayName = FallDetection;
				INFOPLIST_KEY_UIApplicationSceneManifest_Generation = YES;
				INFOPLIST_KEY_UIApplicationSupportsIndirectInputEvents = YES;
				INFOPLIST_KEY_UILaunchScreen_Generation = YES;
				INFOPLIST_KEY_UISupportedInterfaceOrientations_iPad = "UIInterfaceOrientationPortrait UIInterfaceOrientationPortraitUpsideDown UIInterfaceOrientationLandscapeLeft UIInterfaceOrientationLandscapeRight";
				INFOPLIST_KEY_UISupportedInterfaceOrientations_iPhone = "UIInterfaceOrientationPortrait UIInterfaceOrientationLandscapeLeft UIInterfaceOrientationLandscapeRight";
				IPHONEOS_DEPLOYMENT_TARGET = 16.0;
				LD_RUNPATH_SEARCH_PATHS = (
					"$(inherited)",
					"@executable_path/Frameworks",
				);
				MARKETING_VERSION = 1.0;
				PRODUCT_BUNDLE_IDENTIFIER = com.yongfrank.FallDetection;
				PRODUCT_NAME = "$(TARGET_NAME)";
				SDKROOT = iphoneos;
				SWIFT_EMIT_LOC_STRINGS = YES;
				SWIFT_VERSION = 5.0;
				TARGETED_DEVICE_FAMILY = "1,2";
				VALIDATE_PRODUCT = YES;
			};
			name = Release;
		};
/* End XCBuildConfiguration section */

/* Begin XCConfigurationList section */
		FE10080F29C77B0E00CBD5B6 /* Build configuration list for PBXProject "FallDetection" */ = {
			isa = XCConfigurationList;
			buildConfigurations = (
				FE10083229C77B1100CBD5B6 /* Debug */,
				FE10083329C77B1100CBD5B6 /* Release */,
			);
			defaultConfigurationIsVisible = 0;
			defaultConfigurationName = Release;
		};
		FE10083429C77B1100CBD5B6 /* Build configuration list for PBXNativeTarget "FallDetection Watch App" */ = {
			isa = XCConfigurationList;
			buildConfigurations = (
				FE10083529C77B1100CBD5B6 /* Debug */,
				FE10083629C77B1100CBD5B6 /* Release */,
			);
			defaultConfigurationIsVisible = 0;
			defaultConfigurationName = Release;
		};
		FE10083829C77B1100CBD5B6 /* Build configuration list for PBXNativeTarget "FallDetection" */ = {
			isa = XCConfigurationList;
			buildConfigurations = (
				FE10083929C77B1100CBD5B6 /* Debug */,
				FE10083A29C77B1100CBD5B6 /* Release */,
			);
			defaultConfigurationIsVisible = 0;
			defaultConfigurationName = Release;
		};
/* End XCConfigurationList section */
	};
	rootObject = FE10080C29C77B0E00CBD5B6 /* Project object */;
}
